
Microsoft Visual Studio Solution File, Format Version 12.00
# Visual Studio Version 17
VisualStudioVersion = 17.6.33829.357
MinimumVisualStudioVersion = 10.0.40219.1
Project("{9A19103F-16F7-4668-BE54-9A1E7A4F7556}") = "clientnew", "clientnew\clientnew.csproj", "{F0C07E83-7587-4858-8284-1DF72B921EDE}"
EndProject
Project("{9A19103F-16F7-4668-BE54-9A1E7A4F7556}") = "core2", "core2\core2.csproj", "{E2408B93-CAB3-4145-9022-1017D4FF0879}"
EndProject
Project("{9A19103F-16F7-4668-BE54-9A1E7A4F7556}") = "servernew", "servernew\servernew.csproj", "{B24AB850-69A9-4057-B3D1-148BBD424A60}"
EndProject
Project("{9A19103F-16F7-4668-BE54-9A1E7A4F7556}") = "ChattyClient", "ChattyClient\ChattyClient.csproj", "{A9824516-BFC4-4E9B-9AC0-2155380D31AC}"
EndProject
Project("{9A19103F-16F7-4668-BE54-9A1E7A4F7556}") = "ChattyServer", "ChattyServer\ChattyServer.csproj", "{7D97EE5F-38C9-40A9-9208-0B7511BE1B2F}"
EndProject
Global
	GlobalSection(SolutionConfigurationPlatforms) = preSolution
		Debug|Any CPU = Debug|Any CPU
		Release|Any CPU = Release|Any CPU
	EndGlobalSection
	GlobalSection(ProjectConfigurationPlatforms) = postSolution
		{F0C07E83-7587-4858-8284-1DF72B921EDE}.Debug|Any CPU.ActiveCfg = Debug|Any CPU
		{F0C07E83-7587-4858-8284-1DF72B921EDE}.Debug|Any CPU.Build.0 = Debug|Any CPU
		{F0C07E83-7587-4858-8284-1DF72B921EDE}.Release|Any CPU.ActiveCfg = Release|Any CPU
		{F0C07E83-7587-4858-8284-1DF72B921EDE}.Release|Any CPU.Build.0 = Release|Any CPU
		{E2408B93-CAB3-4145-9022-1017D4FF0879}.Debug|Any CPU.ActiveCfg = Debug|Any CPU
		{E2408B93-CAB3-4145-9022-1017D4FF0879}.Debug|Any CPU.Build.0 = Debug|Any CPU
		{E2408B93-CAB3-4145-9022-1017D4FF0879}.Release|Any CPU.ActiveCfg = Release|Any CPU
		{E2408B93-CAB3-4145-9022-1017D4FF0879}.Release|Any CPU.Build.0 = Release|Any CPU
		{B24AB850-69A9-4057-B3D1-148BBD424A60}.Debug|Any CPU.ActiveCfg = Debug|Any CPU
		{B24AB850-69A9-4057-B3D1-148BBD424A60}.Debug|Any CPU.Build.0 = Debug|Any CPU
		{B24AB850-69A9-4057-B3D1-148BBD424A60}.Release|Any CPU.ActiveCfg = Release|Any CPU
		{B24AB850-69A9-4057-B3D1-148BBD424A60}.Release|Any CPU.Build.0 = Release|Any CPU
		{A9824516-BFC4-4E9B-9AC0-2155380D31AC}.Debug|Any CPU.ActiveCfg = Debug|Any CPU
		{A9824516-BFC4-4E9B-9AC0-2155380D31AC}.Debug|Any CPU.Build.0 = Debug|Any CPU
		{A9824516-BFC4-4E9B-9AC0-2155380D31AC}.Release|Any CPU.ActiveCfg = Release|Any CPU
		{A9824516-BFC4-4E9B-9AC0-2155380D31AC}.Release|Any CPU.Build.0 = Release|Any CPU
		{7D97EE5F-38C9-40A9-9208-0B7511BE1B2F}.Debug|Any CPU.ActiveCfg = Debug|Any CPU
		{7D97EE5F-38C9-40A9-9208-0B7511BE1B2F}.Debug|Any CPU.Build.0 = Debug|Any CPU
		{7D97EE5F-38C9-40A9-9208-0B7511BE1B2F}.Release|Any CPU.ActiveCfg = Release|Any CPU
		{7D97EE5F-38C9-40A9-9208-0B7511BE1B2F}.Release|Any CPU.Build.0 = Release|Any CPU
	EndGlobalSection
	GlobalSection(SolutionProperties) = preSolution
		HideSolutionNode = FALSE
	EndGlobalSection
	GlobalSection(ExtensibilityGlobals) = postSolution
		SolutionGuid = {22D83FDF-B3DB-4E4A-A35A-2F07A0A15A97}
	EndGlobalSection
EndGlobal
