
Microsoft Visual Studio Solution File, Format Version 12.00
# Visual Studio Version 17
VisualStudioVersion = 17.2.32630.192
MinimumVisualStudioVersion = 10.0.40219.1
Project("{FAE04EC0-301F-11D3-BF4B-00C04F79EFBC}") = "ChatappUI", "ChatappUI\ChatappUI.csproj", "{30CE1D0F-362F-4BF7-BC46-BCE38C20707C}"
EndProject
Global
	GlobalSection(SolutionConfigurationPlatforms) = preSolution
		Debug|Any CPU = Debug|Any CPU
		Release|Any CPU = Release|Any CPU
	EndGlobalSection
	GlobalSection(ProjectConfigurationPlatforms) = postSolution
		{30CE1D0F-362F-4BF7-BC46-BCE38C20707C}.Debug|Any CPU.ActiveCfg = Debug|Any CPU
		{30CE1D0F-362F-4BF7-BC46-BCE38C20707C}.Debug|Any CPU.Build.0 = Debug|Any CPU
		{30CE1D0F-362F-4BF7-BC46-BCE38C20707C}.Release|Any CPU.ActiveCfg = Release|Any CPU
		{30CE1D0F-362F-4BF7-BC46-BCE38C20707C}.Release|Any CPU.Build.0 = Release|Any CPU
	EndGlobalSection
	GlobalSection(SolutionProperties) = preSolution
		HideSolutionNode = FALSE
	EndGlobalSection
	GlobalSection(ExtensibilityGlobals) = postSolution
		SolutionGuid = {5302F9CC-564E-49B6-9AF1-7787090DE1A9}
	EndGlobalSection
EndGlobal
